
Microsoft Visual Studio Solution File, Format Version 12.00
# Visual Studio Version 17
VisualStudioVersion = 17.14.37411.7 d17.14
MinimumVisualStudioVersion = 10.0.40219.1
Project("{FAE04EC0-301F-11D3-BF4B-00C04F79EFBC}") = "SeedVr.Console", "SeedVr.Console\SeedVr.Console.csproj", "{BF59A954-8F6D-40C3-A28B-C97D5010AACD}"
EndProject
Project("{FAE04EC0-301F-11D3-BF4B-00C04F79EFBC}") = "SeedVr.Remote", "SeedVr.Remote\SeedVr.Remote.csproj", "{0104EA6D-B899-4742-BC87-6DBB3A631D4E}"
EndProject
Global
	GlobalSection(SolutionConfigurationPlatforms) = preSolution
		Debug|Any CPU = Debug|Any CPU
		Release|Any CPU = Release|Any CPU
	EndGlobalSection
	GlobalSection(ProjectConfigurationPlatforms) = postSolution
		{BF59A954-8F6D-40C3-A28B-C97D5010AACD}.Debug|Any CPU.ActiveCfg = Debug|Any CPU
		{BF59A954-8F6D-40C3-A28B-C97D5010AACD}.Debug|Any CPU.Build.0 = Debug|Any CPU
		{BF59A954-8F6D-40C3-A28B-C97D5010AACD}.Release|Any CPU.ActiveCfg = Release|Any CPU
		{BF59A954-8F6D-40C3-A28B-C97D5010AACD}.Release|Any CPU.Build.0 = Release|Any CPU
		{0104EA6D-B899-4742-BC87-6DBB3A631D4E}.Debug|Any CPU.ActiveCfg = Debug|Any CPU
		{0104EA6D-B899-4742-BC87-6DBB3A631D4E}.Debug|Any CPU.Build.0 = Debug|Any CPU
		{0104EA6D-B899-4742-BC87-6DBB3A631D4E}.Release|Any CPU.ActiveCfg = Release|Any CPU
		{0104EA6D-B899-4742-BC87-6DBB3A631D4E}.Release|Any CPU.Build.0 = Release|Any CPU
	EndGlobalSection
	GlobalSection(SolutionProperties) = preSolution
		HideSolutionNode = FALSE
	EndGlobalSection
	GlobalSection(ExtensibilityGlobals) = postSolution
		SolutionGuid = {966F8BDD-1176-4C35-ACC2-DC7BF821858F}
	EndGlobalSection
EndGlobal
